
Microsoft Visual Studio Solution File, Format Version 12.00
# Visual Studio Version 17
VisualStudioVersion = 17.0.31903.59
MinimumVisualStudioVersion = 10.0.40219.1
Project("{2150E333-8FDC-42A3-9474-1A3956D46DE8}") = "src", "src", "{02EA681E-C7D8-13C7-8484-4AC65E1B71E8}"
EndProject
Project("{2150E333-8FDC-42A3-9474-1A3956D46DE8}") = "tests", "tests", "{3A4A6174-88B8-48E8-A93B-97038E20B800}"
EndProject
Project("{2150E333-8FDC-42A3-9474-1A3956D46DE8}") = "Application", "Application", "{74879484-199C-4E30-A15A-5DA730198676}"
EndProject
Project("{2150E333-8FDC-42A3-9474-1A3956D46DE8}") = "Domain", "Domain", "{377251C7-19A1-413F-88AD-59353B3AE18A}"
EndProject
Project("{2150E333-8FDC-42A3-9474-1A3956D46DE8}") = "Infrastructure", "Infrastructure", "{E1437698-2EBE-4EA1-9CB1-192ABCE03829}"
EndProject
Project("{2150E333-8FDC-42A3-9474-1A3956D46DE8}") = "unit", "unit", "{5B6B51BF-98F1-4241-B643-92370D652353}"
EndProject
Project("{2150E333-8FDC-42A3-9474-1A3956D46DE8}") = "ApiGateway", "ApiGateway", "{CD8073C8-4202-4656-AA9D-269CDC89234B}"
EndProject
Project("{2150E333-8FDC-42A3-9474-1A3956D46DE8}") = "CDBCalculator", "CDBCalculator", "{B0D7C139-E079-48E3-9BC8-59081DA3D006}"
EndProject
Project("{2150E333-8FDC-42A3-9474-1A3956D46DE8}") = "CDBCalculator", "CDBCalculator", "{F113958F-9141-4DBF-8BB6-C215438AFC1D}"
EndProject
Project("{2150E333-8FDC-42A3-9474-1A3956D46DE8}") = "CDBCalculator", "CDBCalculator", "{F60D283A-8F91-44B8-B677-ACABC5FDBF9E}"
EndProject
Project("{2150E333-8FDC-42A3-9474-1A3956D46DE8}") = "MicroServices", "MicroServices", "{CFD388A9-A5C8-4436-9416-AC0D4376F690}"
EndProject
Project("{FAE04EC0-301F-11D3-BF4B-00C04F79EFBC}") = "Application", "src\Application\CDBCalculator\Application.csproj", "{B4B9FFD6-70EF-B1C6-453C-66840C756155}"
EndProject
Project("{FAE04EC0-301F-11D3-BF4B-00C04F79EFBC}") = "Domain", "src\Domain\CDBCalculator\Domain.csproj", "{F48F0523-1255-E4E9-80F2-26E01BECB49A}"
EndProject
Project("{FAE04EC0-301F-11D3-BF4B-00C04F79EFBC}") = "Infrastructure", "src\Infrastructure\CDBCalculator\Infrastructure.csproj", "{62BC91D5-B5B3-DDC9-E9B3-BA768996C46A}"
EndProject
Project("{2150E333-8FDC-42A3-9474-1A3956D46DE8}") = "CDBCalculator", "CDBCalculator", "{CB7446B9-BD02-4632-A660-783B00B5351A}"
EndProject
Project("{FAE04EC0-301F-11D3-BF4B-00C04F79EFBC}") = "CDBCalculator", "src\MicroServices\CDBCalculator\CDBCalculator.csproj", "{35524EBA-3869-B7D5-516E-EE2AADE9743D}"
EndProject
Project("{54A90642-561A-4BB1-A94E-469ADEE60C69}") = "cdbcalculator.client", "src\ApiGateway\CDBCalculator\cdbcalculator.client\cdbcalculator.client.esproj", "{258A1168-772D-D1AD-C110-E51DB2DBF435}"
EndProject
Project("{FAE04EC0-301F-11D3-BF4B-00C04F79EFBC}") = "CDBCalculator.Server", "src\ApiGateway\CDBCalculator\CDBCalculator.Server\CDBCalculator.Server.csproj", "{C585EC90-1C7D-4731-9DDE-8ADF5A778877}"
EndProject
Project("{E53339B2-1760-4266-BCC7-CA923CBCF16C}") = "docker-compose", "docker-compose.dcproj", "{81DDED9D-158B-E303-5F62-77A2896D2A5A}"
EndProject
Project("{2150E333-8FDC-42A3-9474-1A3956D46DE8}") = "Domain", "Domain", "{787D7E30-2266-4A49-8A45-D1032C3351D0}"
EndProject
Project("{2150E333-8FDC-42A3-9474-1A3956D46DE8}") = "CDBCalculator.Domain.UnitTests", "CDBCalculator.Domain.UnitTests", "{14815D07-A20A-43F3-A20E-0A0D51F42183}"
EndProject
Project("{FAE04EC0-301F-11D3-BF4B-00C04F79EFBC}") = "CDBCalculator.Domain.UnitTests", "tests\unit\Domain\CDBCalculator.Domain.UnitTests\CDBCalculator.Domain.UnitTests.csproj", "{6ECADDDE-BA37-53E1-7815-DBA9CF466C2D}"
EndProject
Project("{2150E333-8FDC-42A3-9474-1A3956D46DE8}") = "Infrastructure", "Infrastructure", "{159D9FBD-1EC7-4022-A05B-AC8ED49D3409}"
EndProject
Project("{2150E333-8FDC-42A3-9474-1A3956D46DE8}") = "CDBCalculator.Infrastructure.UnitTests", "CDBCalculator.Infrastructure.UnitTests", "{CDEF7F7B-72BA-4D4B-8A3A-A732A7E568DF}"
EndProject
Project("{FAE04EC0-301F-11D3-BF4B-00C04F79EFBC}") = "CDBCalculator.Infrastructure.UnitTests", "tests\unit\Infrastructure\CDBCalculator.Infrastructure.UnitTests\CDBCalculator.Infrastructure.UnitTests.csproj", "{C7F0A36F-FA62-47AA-9F7F-406C3E66B0C8}"
EndProject
Project("{2150E333-8FDC-42A3-9474-1A3956D46DE8}") = "Application", "Application", "{BB9673D2-DD5C-8DC4-5650-01A7BCAF803B}"
EndProject
Project("{2150E333-8FDC-42A3-9474-1A3956D46DE8}") = "MicroServices", "MicroServices", "{125D2C6E-708A-4010-ABC8-18810723D88C}"
EndProject
Project("{2150E333-8FDC-42A3-9474-1A3956D46DE8}") = "CDBCalculator.Application.UnitTests", "CDBCalculator.Application.UnitTests", "{28787DC2-3513-40AE-82A6-1BA353EFFB3D}"
EndProject
Project("{FAE04EC0-301F-11D3-BF4B-00C04F79EFBC}") = "CDBCalculator.Application.UnitTests", "tests\unit\Application\CDBCalculator.Application.UnitTests\CDBCalculator.Application.UnitTests.csproj", "{0ADB6D0E-2781-5A47-153F-68AFDCE51CAC}"
EndProject
Project("{2150E333-8FDC-42A3-9474-1A3956D46DE8}") = "CDBCalculator.MicroService.UnitTests", "CDBCalculator.MicroService.UnitTests", "{0AAF80EA-94A8-4D3A-AFEC-14FCFB58FE7B}"
EndProject
Project("{FAE04EC0-301F-11D3-BF4B-00C04F79EFBC}") = "CDBCalculator.MicroService.UnitTests", "tests\unit\MicroServices\CDBCalculator.MicroService.UnitTests\CDBCalculator.MicroService.UnitTests.csproj", "{56A3C537-3CA1-FCA1-0F0B-FA9FF0C2D8B4}"
EndProject
Project("{2150E333-8FDC-42A3-9474-1A3956D46DE8}") = "ApiGateway", "ApiGateway", "{064134F2-D9B3-481F-B383-640DFF1F1411}"
EndProject
Project("{2150E333-8FDC-42A3-9474-1A3956D46DE8}") = "CDBCalculator.ApiGateway.UnitTests", "CDBCalculator.ApiGateway.UnitTests", "{C338A7F3-26A4-456A-84CF-78B7B0DEAC16}"
EndProject
Project("{FAE04EC0-301F-11D3-BF4B-00C04F79EFBC}") = "CDBCalculator.ApiGateway.UnitTests", "tests\unit\ApiGateway\CDBCalculator.ApiGateway.UnitTests\CDBCalculator.ApiGateway.UnitTests.csproj", "{6E868356-22A8-FF10-4CB1-3BCA810DABA0}"
EndProject
Project("{2150E333-8FDC-42A3-9474-1A3956D46DE8}") = "Solution Items", "Solution Items", "{8EC462FD-D22E-90A8-E5CE-7E832BA40C5D}"
	ProjectSection(SolutionItems) = preProject
		.github\workflows\build.yaml = .github\workflows\build.yaml
		global.json = global.json
		README.md = README.md
		Run.ps1 = Run.ps1
		run.sh = run.sh
		RunTests.targets = RunTests.targets
	EndProjectSection
EndProject
Global
	GlobalSection(SolutionConfigurationPlatforms) = preSolution
		Debug|Any CPU = Debug|Any CPU
		Debug|x64 = Debug|x64
		Debug|x86 = Debug|x86
		Release|Any CPU = Release|Any CPU
		Release|x64 = Release|x64
		Release|x86 = Release|x86
	EndGlobalSection
	GlobalSection(ProjectConfigurationPlatforms) = postSolution
		{B4B9FFD6-70EF-B1C6-453C-66840C756155}.Debug|Any CPU.ActiveCfg = Debug|Any CPU
		{B4B9FFD6-70EF-B1C6-453C-66840C756155}.Debug|Any CPU.Build.0 = Debug|Any CPU
		{B4B9FFD6-70EF-B1C6-453C-66840C756155}.Debug|x64.ActiveCfg = Debug|Any CPU
		{B4B9FFD6-70EF-B1C6-453C-66840C756155}.Debug|x64.Build.0 = Debug|Any CPU
		{B4B9FFD6-70EF-B1C6-453C-66840C756155}.Debug|x86.ActiveCfg = Debug|Any CPU
		{B4B9FFD6-70EF-B1C6-453C-66840C756155}.Debug|x86.Build.0 = Debug|Any CPU
		{B4B9FFD6-70EF-B1C6-453C-66840C756155}.Release|Any CPU.ActiveCfg = Release|Any CPU
		{B4B9FFD6-70EF-B1C6-453C-66840C756155}.Release|Any CPU.Build.0 = Release|Any CPU
		{B4B9FFD6-70EF-B1C6-453C-66840C756155}.Release|x64.ActiveCfg = Release|Any CPU
		{B4B9FFD6-70EF-B1C6-453C-66840C756155}.Release|x64.Build.0 = Release|Any CPU
		{B4B9FFD6-70EF-B1C6-453C-66840C756155}.Release|x86.ActiveCfg = Release|Any CPU
		{B4B9FFD6-70EF-B1C6-453C-66840C756155}.Release|x86.Build.0 = Release|Any CPU
		{F48F0523-1255-E4E9-80F2-26E01BECB49A}.Debug|Any CPU.ActiveCfg = Debug|Any CPU
		{F48F0523-1255-E4E9-80F2-26E01BECB49A}.Debug|Any CPU.Build.0 = Debug|Any CPU
		{F48F0523-1255-E4E9-80F2-26E01BECB49A}.Debug|x64.ActiveCfg = Debug|Any CPU
		{F48F0523-1255-E4E9-80F2-26E01BECB49A}.Debug|x64.Build.0 = Debug|Any CPU
		{F48F0523-1255-E4E9-80F2-26E01BECB49A}.Debug|x86.ActiveCfg = Debug|Any CPU
		{F48F0523-1255-E4E9-80F2-26E01BECB49A}.Debug|x86.Build.0 = Debug|Any CPU
		{F48F0523-1255-E4E9-80F2-26E01BECB49A}.Release|Any CPU.ActiveCfg = Release|Any CPU
		{F48F0523-1255-E4E9-80F2-26E01BECB49A}.Release|Any CPU.Build.0 = Release|Any CPU
		{F48F0523-1255-E4E9-80F2-26E01BECB49A}.Release|x64.ActiveCfg = Release|Any CPU
		{F48F0523-1255-E4E9-80F2-26E01BECB49A}.Release|x64.Build.0 = Release|Any CPU
		{F48F0523-1255-E4E9-80F2-26E01BECB49A}.Release|x86.ActiveCfg = Release|Any CPU
		{F48F0523-1255-E4E9-80F2-26E01BECB49A}.Release|x86.Build.0 = Release|Any CPU
		{62BC91D5-B5B3-DDC9-E9B3-BA768996C46A}.Debug|Any CPU.ActiveCfg = Debug|Any CPU
		{62BC91D5-B5B3-DDC9-E9B3-BA768996C46A}.Debug|Any CPU.Build.0 = Debug|Any CPU
		{62BC91D5-B5B3-DDC9-E9B3-BA768996C46A}.Debug|x64.ActiveCfg = Debug|Any CPU
		{62BC91D5-B5B3-DDC9-E9B3-BA768996C46A}.Debug|x64.Build.0 = Debug|Any CPU
		{62BC91D5-B5B3-DDC9-E9B3-BA768996C46A}.Debug|x86.ActiveCfg = Debug|Any CPU
		{62BC91D5-B5B3-DDC9-E9B3-BA768996C46A}.Debug|x86.Build.0 = Debug|Any CPU
		{62BC91D5-B5B3-DDC9-E9B3-BA768996C46A}.Release|Any CPU.ActiveCfg = Release|Any CPU
		{62BC91D5-B5B3-DDC9-E9B3-BA768996C46A}.Release|Any CPU.Build.0 = Release|Any CPU
		{62BC91D5-B5B3-DDC9-E9B3-BA768996C46A}.Release|x64.ActiveCfg = Release|Any CPU
		{62BC91D5-B5B3-DDC9-E9B3-BA768996C46A}.Release|x64.Build.0 = Release|Any CPU
		{62BC91D5-B5B3-DDC9-E9B3-BA768996C46A}.Release|x86.ActiveCfg = Release|Any CPU
		{62BC91D5-B5B3-DDC9-E9B3-BA768996C46A}.Release|x86.Build.0 = Release|Any CPU
		{35524EBA-3869-B7D5-516E-EE2AADE9743D}.Debug|Any CPU.ActiveCfg = Debug|Any CPU
		{35524EBA-3869-B7D5-516E-EE2AADE9743D}.Debug|Any CPU.Build.0 = Debug|Any CPU
		{35524EBA-3869-B7D5-516E-EE2AADE9743D}.Debug|x64.ActiveCfg = Debug|Any CPU
		{35524EBA-3869-B7D5-516E-EE2AADE9743D}.Debug|x64.Build.0 = Debug|Any CPU
		{35524EBA-3869-B7D5-516E-EE2AADE9743D}.Debug|x86.ActiveCfg = Debug|Any CPU
		{35524EBA-3869-B7D5-516E-EE2AADE9743D}.Debug|x86.Build.0 = Debug|Any CPU
		{35524EBA-3869-B7D5-516E-EE2AADE9743D}.Release|Any CPU.ActiveCfg = Release|Any CPU
		{35524EBA-3869-B7D5-516E-EE2AADE9743D}.Release|Any CPU.Build.0 = Release|Any CPU
		{35524EBA-3869-B7D5-516E-EE2AADE9743D}.Release|x64.ActiveCfg = Release|Any CPU
		{35524EBA-3869-B7D5-516E-EE2AADE9743D}.Release|x64.Build.0 = Release|Any CPU
		{35524EBA-3869-B7D5-516E-EE2AADE9743D}.Release|x86.ActiveCfg = Release|Any CPU
		{35524EBA-3869-B7D5-516E-EE2AADE9743D}.Release|x86.Build.0 = Release|Any CPU
		{258A1168-772D-D1AD-C110-E51DB2DBF435}.Debug|Any CPU.ActiveCfg = Debug|Any CPU
		{258A1168-772D-D1AD-C110-E51DB2DBF435}.Debug|Any CPU.Build.0 = Debug|Any CPU
		{258A1168-772D-D1AD-C110-E51DB2DBF435}.Debug|Any CPU.Deploy.0 = Debug|Any CPU
		{258A1168-772D-D1AD-C110-E51DB2DBF435}.Debug|x64.ActiveCfg = Debug|Any CPU
		{258A1168-772D-D1AD-C110-E51DB2DBF435}.Debug|x64.Build.0 = Debug|Any CPU
		{258A1168-772D-D1AD-C110-E51DB2DBF435}.Debug|x64.Deploy.0 = Debug|Any CPU
		{258A1168-772D-D1AD-C110-E51DB2DBF435}.Debug|x86.ActiveCfg = Debug|Any CPU
		{258A1168-772D-D1AD-C110-E51DB2DBF435}.Debug|x86.Build.0 = Debug|Any CPU
		{258A1168-772D-D1AD-C110-E51DB2DBF435}.Debug|x86.Deploy.0 = Debug|Any CPU
		{258A1168-772D-D1AD-C110-E51DB2DBF435}.Release|Any CPU.ActiveCfg = Release|Any CPU
		{258A1168-772D-D1AD-C110-E51DB2DBF435}.Release|Any CPU.Build.0 = Release|Any CPU
		{258A1168-772D-D1AD-C110-E51DB2DBF435}.Release|Any CPU.Deploy.0 = Release|Any CPU
		{258A1168-772D-D1AD-C110-E51DB2DBF435}.Release|x64.ActiveCfg = Release|Any CPU
		{258A1168-772D-D1AD-C110-E51DB2DBF435}.Release|x64.Build.0 = Release|Any CPU
		{258A1168-772D-D1AD-C110-E51DB2DBF435}.Release|x64.Deploy.0 = Release|Any CPU
		{258A1168-772D-D1AD-C110-E51DB2DBF435}.Release|x86.ActiveCfg = Release|Any CPU
		{258A1168-772D-D1AD-C110-E51DB2DBF435}.Release|x86.Build.0 = Release|Any CPU
		{258A1168-772D-D1AD-C110-E51DB2DBF435}.Release|x86.Deploy.0 = Release|Any CPU
		{C585EC90-1C7D-4731-9DDE-8ADF5A778877}.Debug|Any CPU.ActiveCfg = Debug|Any CPU
		{C585EC90-1C7D-4731-9DDE-8ADF5A778877}.Debug|Any CPU.Build.0 = Debug|Any CPU
		{C585EC90-1C7D-4731-9DDE-8ADF5A778877}.Debug|x64.ActiveCfg = Debug|Any CPU
		{C585EC90-1C7D-4731-9DDE-8ADF5A778877}.Debug|x64.Build.0 = Debug|Any CPU
		{C585EC90-1C7D-4731-9DDE-8ADF5A778877}.Debug|x86.ActiveCfg = Debug|Any CPU
		{C585EC90-1C7D-4731-9DDE-8ADF5A778877}.Debug|x86.Build.0 = Debug|Any CPU
		{C585EC90-1C7D-4731-9DDE-8ADF5A778877}.Release|Any CPU.ActiveCfg = Release|Any CPU
		{C585EC90-1C7D-4731-9DDE-8ADF5A778877}.Release|Any CPU.Build.0 = Release|Any CPU
		{C585EC90-1C7D-4731-9DDE-8ADF5A778877}.Release|x64.ActiveCfg = Release|Any CPU
		{C585EC90-1C7D-4731-9DDE-8ADF5A778877}.Release|x64.Build.0 = Release|Any CPU
		{C585EC90-1C7D-4731-9DDE-8ADF5A778877}.Release|x86.ActiveCfg = Release|Any CPU
		{C585EC90-1C7D-4731-9DDE-8ADF5A778877}.Release|x86.Build.0 = Release|Any CPU
		{81DDED9D-158B-E303-5F62-77A2896D2A5A}.Debug|Any CPU.ActiveCfg = Debug|Any CPU
		{81DDED9D-158B-E303-5F62-77A2896D2A5A}.Debug|Any CPU.Build.0 = Debug|Any CPU
		{81DDED9D-158B-E303-5F62-77A2896D2A5A}.Debug|x64.ActiveCfg = Debug|Any CPU
		{81DDED9D-158B-E303-5F62-77A2896D2A5A}.Debug|x64.Build.0 = Debug|Any CPU
		{81DDED9D-158B-E303-5F62-77A2896D2A5A}.Debug|x86.ActiveCfg = Debug|Any CPU
		{81DDED9D-158B-E303-5F62-77A2896D2A5A}.Debug|x86.Build.0 = Debug|Any CPU
		{81DDED9D-158B-E303-5F62-77A2896D2A5A}.Release|Any CPU.ActiveCfg = Release|Any CPU
		{81DDED9D-158B-E303-5F62-77A2896D2A5A}.Release|Any CPU.Build.0 = Release|Any CPU
		{81DDED9D-158B-E303-5F62-77A2896D2A5A}.Release|x64.ActiveCfg = Release|Any CPU
		{81DDED9D-158B-E303-5F62-77A2896D2A5A}.Release|x64.Build.0 = Release|Any CPU
		{81DDED9D-158B-E303-5F62-77A2896D2A5A}.Release|x86.ActiveCfg = Release|Any CPU
		{81DDED9D-158B-E303-5F62-77A2896D2A5A}.Release|x86.Build.0 = Release|Any CPU
		{6ECADDDE-BA37-53E1-7815-DBA9CF466C2D}.Debug|Any CPU.ActiveCfg = Debug|Any CPU
		{6ECADDDE-BA37-53E1-7815-DBA9CF466C2D}.Debug|Any CPU.Build.0 = Debug|Any CPU
		{6ECADDDE-BA37-53E1-7815-DBA9CF466C2D}.Debug|x64.ActiveCfg = Debug|Any CPU
		{6ECADDDE-BA37-53E1-7815-DBA9CF466C2D}.Debug|x64.Build.0 = Debug|Any CPU
		{6ECADDDE-BA37-53E1-7815-DBA9CF466C2D}.Debug|x86.ActiveCfg = Debug|Any CPU
		{6ECADDDE-BA37-53E1-7815-DBA9CF466C2D}.Debug|x86.Build.0 = Debug|Any CPU
		{6ECADDDE-BA37-53E1-7815-DBA9CF466C2D}.Release|Any CPU.ActiveCfg = Release|Any CPU
		{6ECADDDE-BA37-53E1-7815-DBA9CF466C2D}.Release|Any CPU.Build.0 = Release|Any CPU
		{6ECADDDE-BA37-53E1-7815-DBA9CF466C2D}.Release|x64.ActiveCfg = Release|Any CPU
		{6ECADDDE-BA37-53E1-7815-DBA9CF466C2D}.Release|x64.Build.0 = Release|Any CPU
		{6ECADDDE-BA37-53E1-7815-DBA9CF466C2D}.Release|x86.ActiveCfg = Release|Any CPU
		{6ECADDDE-BA37-53E1-7815-DBA9CF466C2D}.Release|x86.Build.0 = Release|Any CPU
		{C7F0A36F-FA62-47AA-9F7F-406C3E66B0C8}.Debug|Any CPU.ActiveCfg = Debug|Any CPU
		{C7F0A36F-FA62-47AA-9F7F-406C3E66B0C8}.Debug|Any CPU.Build.0 = Debug|Any CPU
		{C7F0A36F-FA62-47AA-9F7F-406C3E66B0C8}.Debug|x64.ActiveCfg = Debug|Any CPU
		{C7F0A36F-FA62-47AA-9F7F-406C3E66B0C8}.Debug|x64.Build.0 = Debug|Any CPU
		{C7F0A36F-FA62-47AA-9F7F-406C3E66B0C8}.Debug|x86.ActiveCfg = Debug|Any CPU
		{C7F0A36F-FA62-47AA-9F7F-406C3E66B0C8}.Debug|x86.Build.0 = Debug|Any CPU
		{C7F0A36F-FA62-47AA-9F7F-406C3E66B0C8}.Release|Any CPU.ActiveCfg = Release|Any CPU
		{C7F0A36F-FA62-47AA-9F7F-406C3E66B0C8}.Release|Any CPU.Build.0 = Release|Any CPU
		{C7F0A36F-FA62-47AA-9F7F-406C3E66B0C8}.Release|x64.ActiveCfg = Release|Any CPU
		{C7F0A36F-FA62-47AA-9F7F-406C3E66B0C8}.Release|x64.Build.0 = Release|Any CPU
		{C7F0A36F-FA62-47AA-9F7F-406C3E66B0C8}.Release|x86.ActiveCfg = Release|Any CPU
		{C7F0A36F-FA62-47AA-9F7F-406C3E66B0C8}.Release|x86.Build.0 = Release|Any CPU
		{0ADB6D0E-2781-5A47-153F-68AFDCE51CAC}.Debug|Any CPU.ActiveCfg = Debug|Any CPU
		{0ADB6D0E-2781-5A47-153F-68AFDCE51CAC}.Debug|Any CPU.Build.0 = Debug|Any CPU
		{0ADB6D0E-2781-5A47-153F-68AFDCE51CAC}.Debug|x64.ActiveCfg = Debug|Any CPU
		{0ADB6D0E-2781-5A47-153F-68AFDCE51CAC}.Debug|x64.Build.0 = Debug|Any CPU
		{0ADB6D0E-2781-5A47-153F-68AFDCE51CAC}.Debug|x86.ActiveCfg = Debug|Any CPU
		{0ADB6D0E-2781-5A47-153F-68AFDCE51CAC}.Debug|x86.Build.0 = Debug|Any CPU
		{0ADB6D0E-2781-5A47-153F-68AFDCE51CAC}.Release|Any CPU.ActiveCfg = Release|Any CPU
		{0ADB6D0E-2781-5A47-153F-68AFDCE51CAC}.Release|Any CPU.Build.0 = Release|Any CPU
		{0ADB6D0E-2781-5A47-153F-68AFDCE51CAC}.Release|x64.ActiveCfg = Release|Any CPU
		{0ADB6D0E-2781-5A47-153F-68AFDCE51CAC}.Release|x64.Build.0 = Release|Any CPU
		{0ADB6D0E-2781-5A47-153F-68AFDCE51CAC}.Release|x86.ActiveCfg = Release|Any CPU
		{0ADB6D0E-2781-5A47-153F-68AFDCE51CAC}.Release|x86.Build.0 = Release|Any CPU
		{56A3C537-3CA1-FCA1-0F0B-FA9FF0C2D8B4}.Debug|Any CPU.ActiveCfg = Debug|Any CPU
		{56A3C537-3CA1-FCA1-0F0B-FA9FF0C2D8B4}.Debug|Any CPU.Build.0 = Debug|Any CPU
		{56A3C537-3CA1-FCA1-0F0B-FA9FF0C2D8B4}.Debug|x64.ActiveCfg = Debug|Any CPU
		{56A3C537-3CA1-FCA1-0F0B-FA9FF0C2D8B4}.Debug|x64.Build.0 = Debug|Any CPU
		{56A3C537-3CA1-FCA1-0F0B-FA9FF0C2D8B4}.Debug|x86.ActiveCfg = Debug|Any CPU
		{56A3C537-3CA1-FCA1-0F0B-FA9FF0C2D8B4}.Debug|x86.Build.0 = Debug|Any CPU
		{56A3C537-3CA1-FCA1-0F0B-FA9FF0C2D8B4}.Release|Any CPU.ActiveCfg = Release|Any CPU
		{56A3C537-3CA1-FCA1-0F0B-FA9FF0C2D8B4}.Release|Any CPU.Build.0 = Release|Any CPU
		{56A3C537-3CA1-FCA1-0F0B-FA9FF0C2D8B4}.Release|x64.ActiveCfg = Release|Any CPU
		{56A3C537-3CA1-FCA1-0F0B-FA9FF0C2D8B4}.Release|x64.Build.0 = Release|Any CPU
		{56A3C537-3CA1-FCA1-0F0B-FA9FF0C2D8B4}.Release|x86.ActiveCfg = Release|Any CPU
		{56A3C537-3CA1-FCA1-0F0B-FA9FF0C2D8B4}.Release|x86.Build.0 = Release|Any CPU
		{6E868356-22A8-FF10-4CB1-3BCA810DABA0}.Debug|Any CPU.ActiveCfg = Debug|Any CPU
		{6E868356-22A8-FF10-4CB1-3BCA810DABA0}.Debug|Any CPU.Build.0 = Debug|Any CPU
		{6E868356-22A8-FF10-4CB1-3BCA810DABA0}.Debug|x64.ActiveCfg = Debug|Any CPU
		{6E868356-22A8-FF10-4CB1-3BCA810DABA0}.Debug|x64.Build.0 = Debug|Any CPU
		{6E868356-22A8-FF10-4CB1-3BCA810DABA0}.Debug|x86.ActiveCfg = Debug|Any CPU
		{6E868356-22A8-FF10-4CB1-3BCA810DABA0}.Debug|x86.Build.0 = Debug|Any CPU
		{6E868356-22A8-FF10-4CB1-3BCA810DABA0}.Release|Any CPU.ActiveCfg = Release|Any CPU
		{6E868356-22A8-FF10-4CB1-3BCA810DABA0}.Release|Any CPU.Build.0 = Release|Any CPU
		{6E868356-22A8-FF10-4CB1-3BCA810DABA0}.Release|x64.ActiveCfg = Release|Any CPU
		{6E868356-22A8-FF10-4CB1-3BCA810DABA0}.Release|x64.Build.0 = Release|Any CPU
		{6E868356-22A8-FF10-4CB1-3BCA810DABA0}.Release|x86.ActiveCfg = Release|Any CPU
		{6E868356-22A8-FF10-4CB1-3BCA810DABA0}.Release|x86.Build.0 = Release|Any CPU
	EndGlobalSection
	GlobalSection(SolutionProperties) = preSolution
		HideSolutionNode = FALSE
	EndGlobalSection
	GlobalSection(NestedProjects) = preSolution
		{74879484-199C-4E30-A15A-5DA730198676} = {02EA681E-C7D8-13C7-8484-4AC65E1B71E8}
		{377251C7-19A1-413F-88AD-59353B3AE18A} = {02EA681E-C7D8-13C7-8484-4AC65E1B71E8}
		{E1437698-2EBE-4EA1-9CB1-192ABCE03829} = {02EA681E-C7D8-13C7-8484-4AC65E1B71E8}
		{5B6B51BF-98F1-4241-B643-92370D652353} = {3A4A6174-88B8-48E8-A93B-97038E20B800}
		{CD8073C8-4202-4656-AA9D-269CDC89234B} = {02EA681E-C7D8-13C7-8484-4AC65E1B71E8}
		{B0D7C139-E079-48E3-9BC8-59081DA3D006} = {74879484-199C-4E30-A15A-5DA730198676}
		{F113958F-9141-4DBF-8BB6-C215438AFC1D} = {377251C7-19A1-413F-88AD-59353B3AE18A}
		{F60D283A-8F91-44B8-B677-ACABC5FDBF9E} = {E1437698-2EBE-4EA1-9CB1-192ABCE03829}
		{CFD388A9-A5C8-4436-9416-AC0D4376F690} = {02EA681E-C7D8-13C7-8484-4AC65E1B71E8}
		{B4B9FFD6-70EF-B1C6-453C-66840C756155} = {B0D7C139-E079-48E3-9BC8-59081DA3D006}
		{F48F0523-1255-E4E9-80F2-26E01BECB49A} = {F113958F-9141-4DBF-8BB6-C215438AFC1D}
		{62BC91D5-B5B3-DDC9-E9B3-BA768996C46A} = {F60D283A-8F91-44B8-B677-ACABC5FDBF9E}
		{CB7446B9-BD02-4632-A660-783B00B5351A} = {CFD388A9-A5C8-4436-9416-AC0D4376F690}
		{35524EBA-3869-B7D5-516E-EE2AADE9743D} = {CB7446B9-BD02-4632-A660-783B00B5351A}
		{258A1168-772D-D1AD-C110-E51DB2DBF435} = {CD8073C8-4202-4656-AA9D-269CDC89234B}
		{C585EC90-1C7D-4731-9DDE-8ADF5A778877} = {CD8073C8-4202-4656-AA9D-269CDC89234B}
		{787D7E30-2266-4A49-8A45-D1032C3351D0} = {5B6B51BF-98F1-4241-B643-92370D652353}
		{14815D07-A20A-43F3-A20E-0A0D51F42183} = {787D7E30-2266-4A49-8A45-D1032C3351D0}
		{6ECADDDE-BA37-53E1-7815-DBA9CF466C2D} = {14815D07-A20A-43F3-A20E-0A0D51F42183}
		{159D9FBD-1EC7-4022-A05B-AC8ED49D3409} = {5B6B51BF-98F1-4241-B643-92370D652353}
		{CDEF7F7B-72BA-4D4B-8A3A-A732A7E568DF} = {159D9FBD-1EC7-4022-A05B-AC8ED49D3409}
		{C7F0A36F-FA62-47AA-9F7F-406C3E66B0C8} = {CDEF7F7B-72BA-4D4B-8A3A-A732A7E568DF}
		{BB9673D2-DD5C-8DC4-5650-01A7BCAF803B} = {5B6B51BF-98F1-4241-B643-92370D652353}
		{125D2C6E-708A-4010-ABC8-18810723D88C} = {5B6B51BF-98F1-4241-B643-92370D652353}
		{28787DC2-3513-40AE-82A6-1BA353EFFB3D} = {BB9673D2-DD5C-8DC4-5650-01A7BCAF803B}
		{0ADB6D0E-2781-5A47-153F-68AFDCE51CAC} = {28787DC2-3513-40AE-82A6-1BA353EFFB3D}
		{0AAF80EA-94A8-4D3A-AFEC-14FCFB58FE7B} = {125D2C6E-708A-4010-ABC8-18810723D88C}
		{56A3C537-3CA1-FCA1-0F0B-FA9FF0C2D8B4} = {0AAF80EA-94A8-4D3A-AFEC-14FCFB58FE7B}
		{064134F2-D9B3-481F-B383-640DFF1F1411} = {5B6B51BF-98F1-4241-B643-92370D652353}
		{C338A7F3-26A4-456A-84CF-78B7B0DEAC16} = {064134F2-D9B3-481F-B383-640DFF1F1411}
		{6E868356-22A8-FF10-4CB1-3BCA810DABA0} = {C338A7F3-26A4-456A-84CF-78B7B0DEAC16}
	EndGlobalSection
	GlobalSection(ExtensibilityGlobals) = postSolution
		SolutionGuid = {9DC6DF87-E16B-455A-9450-5BC398CB6ECE}
	EndGlobalSection
EndGlobal
